# THIS IS AN AUTOGENERATED FILE. DO NOT EDIT THIS FILE DIRECTLY.
# yarn lockfile v1


"@tanstack/query-core@5.90.5":
  version "5.90.5"
  resolved "https://registry.yarnpkg.com/@tanstack/query-core/-/query-core-5.90.5.tgz#0175f9f517514906db8ab379589ed3f96694ecc4"
  integrity sha512-wLamYp7FaDq6ZnNehypKI5fNvxHPfTYylE0m/ZpuuzJfJqhR5Pxg9gvGBHZx4n7J+V5Rg5mZxHHTlv25Zt5u+w==

"@tanstack/react-query@^5.90.5":
  version "5.90.5"
  resolved "https://registry.yarnpkg.com/@tanstack/react-query/-/react-query-5.90.5.tgz#545e61282c787bd87ac5785da9a4943462f78ef6"
  integrity sha512-pN+8UWpxZkEJ/Rnnj2v2Sxpx1WFlaa9L6a4UO89p6tTQbeo+m0MS8oYDjbggrR8QcTyjKoYWKS3xJQGr3ExT8Q==
  dependencies:
    "@tanstack/query-core" "5.90.5"
